
Microsoft Visual Studio Solution File, Format Version 12.00
# Visual Studio Version 16
VisualStudioVersion = 16.0.31911.196
MinimumVisualStudioVersion = 10.0.40219.1
Project("{FAE04EC0-301F-11D3-BF4B-00C04F79EFBC}") = "forloop1", "foreachLoop\forloop1.csproj", "{858B4536-BC9C-4BA6-B35D-C5D422FFEB83}"
EndProject
Global
	GlobalSection(SolutionConfigurationPlatforms) = preSolution
		Debug|Any CPU = Debug|Any CPU
		Release|Any CPU = Release|Any CPU
	EndGlobalSection
	GlobalSection(ProjectConfigurationPlatforms) = postSolution
		{858B4536-BC9C-4BA6-B35D-C5D422FFEB83}.Debug|Any CPU.ActiveCfg = Debug|Any CPU
		{858B4536-BC9C-4BA6-B35D-C5D422FFEB83}.Debug|Any CPU.Build.0 = Debug|Any CPU
		{858B4536-BC9C-4BA6-B35D-C5D422FFEB83}.Release|Any CPU.ActiveCfg = Release|Any CPU
		{858B4536-BC9C-4BA6-B35D-C5D422FFEB83}.Release|Any CPU.Build.0 = Release|Any CPU
	EndGlobalSection
	GlobalSection(SolutionProperties) = preSolution
		HideSolutionNode = FALSE
	EndGlobalSection
	GlobalSection(ExtensibilityGlobals) = postSolution
		SolutionGuid = {755741D4-02E6-4E73-96D5-1C6914DA8F56}
	EndGlobalSection
EndGlobal
